
Microsoft Visual Studio Solution File, Format Version 12.00
# Visual Studio Version 17
VisualStudioVersion = 17.0.32112.339
MinimumVisualStudioVersion = 10.0.40219.1
Project("{9A19103F-16F7-4668-BE54-9A1E7A4F7556}") = "GameStore", "GameStore\GameStore.csproj", "{265ABB3F-BF37-480C-A13E-83973C748259}"
EndProject
Project("{9A19103F-16F7-4668-BE54-9A1E7A4F7556}") = "GameStore.Test", "GameStore.Test\GameStore.Test.csproj", "{8809E0AF-1355-483D-95C7-476337FEC98D}"
EndProject
Project("{FAE04EC0-301F-11D3-BF4B-00C04F79EFBC}") = "GameStore.Services", "GameStore.Services\GameStore.Services.csproj", "{8DB8B8E3-E168-4005-9FB3-3B7D215F7416}"
EndProject
Global
	GlobalSection(SolutionConfigurationPlatforms) = preSolution
		Debug|Any CPU = Debug|Any CPU
		Debug|x64 = Debug|x64
		Debug|x86 = Debug|x86
		Release|Any CPU = Release|Any CPU
		Release|x64 = Release|x64
		Release|x86 = Release|x86
	EndGlobalSection
	GlobalSection(ProjectConfigurationPlatforms) = postSolution
		{265ABB3F-BF37-480C-A13E-83973C748259}.Debug|Any CPU.ActiveCfg = Debug|Any CPU
		{265ABB3F-BF37-480C-A13E-83973C748259}.Debug|Any CPU.Build.0 = Debug|Any CPU
		{265ABB3F-BF37-480C-A13E-83973C748259}.Debug|x64.ActiveCfg = Debug|Any CPU
		{265ABB3F-BF37-480C-A13E-83973C748259}.Debug|x64.Build.0 = Debug|Any CPU
		{265ABB3F-BF37-480C-A13E-83973C748259}.Debug|x86.ActiveCfg = Debug|Any CPU
		{265ABB3F-BF37-480C-A13E-83973C748259}.Debug|x86.Build.0 = Debug|Any CPU
		{265ABB3F-BF37-480C-A13E-83973C748259}.Release|Any CPU.ActiveCfg = Release|Any CPU
		{265ABB3F-BF37-480C-A13E-83973C748259}.Release|Any CPU.Build.0 = Release|Any CPU
		{265ABB3F-BF37-480C-A13E-83973C748259}.Release|x64.ActiveCfg = Release|Any CPU
		{265ABB3F-BF37-480C-A13E-83973C748259}.Release|x64.Build.0 = Release|Any CPU
		{265ABB3F-BF37-480C-A13E-83973C748259}.Release|x86.ActiveCfg = Release|Any CPU
		{265ABB3F-BF37-480C-A13E-83973C748259}.Release|x86.Build.0 = Release|Any CPU
		{8809E0AF-1355-483D-95C7-476337FEC98D}.Debug|Any CPU.ActiveCfg = Debug|Any CPU
		{8809E0AF-1355-483D-95C7-476337FEC98D}.Debug|Any CPU.Build.0 = Debug|Any CPU
		{8809E0AF-1355-483D-95C7-476337FEC98D}.Debug|x64.ActiveCfg = Debug|Any CPU
		{8809E0AF-1355-483D-95C7-476337FEC98D}.Debug|x64.Build.0 = Debug|Any CPU
		{8809E0AF-1355-483D-95C7-476337FEC98D}.Debug|x86.ActiveCfg = Debug|Any CPU
		{8809E0AF-1355-483D-95C7-476337FEC98D}.Debug|x86.Build.0 = Debug|Any CPU
		{8809E0AF-1355-483D-95C7-476337FEC98D}.Release|Any CPU.ActiveCfg = Release|Any CPU
		{8809E0AF-1355-483D-95C7-476337FEC98D}.Release|Any CPU.Build.0 = Release|Any CPU
		{8809E0AF-1355-483D-95C7-476337FEC98D}.Release|x64.ActiveCfg = Release|Any CPU
		{8809E0AF-1355-483D-95C7-476337FEC98D}.Release|x64.Build.0 = Release|Any CPU
		{8809E0AF-1355-483D-95C7-476337FEC98D}.Release|x86.ActiveCfg = Release|Any CPU
		{8809E0AF-1355-483D-95C7-476337FEC98D}.Release|x86.Build.0 = Release|Any CPU
		{8DB8B8E3-E168-4005-9FB3-3B7D215F7416}.Debug|Any CPU.ActiveCfg = Debug|Any CPU
		{8DB8B8E3-E168-4005-9FB3-3B7D215F7416}.Debug|Any CPU.Build.0 = Debug|Any CPU
		{8DB8B8E3-E168-4005-9FB3-3B7D215F7416}.Debug|x64.ActiveCfg = Debug|Any CPU
		{8DB8B8E3-E168-4005-9FB3-3B7D215F7416}.Debug|x64.Build.0 = Debug|Any CPU
		{8DB8B8E3-E168-4005-9FB3-3B7D215F7416}.Debug|x86.ActiveCfg = Debug|Any CPU
		{8DB8B8E3-E168-4005-9FB3-3B7D215F7416}.Debug|x86.Build.0 = Debug|Any CPU
		{8DB8B8E3-E168-4005-9FB3-3B7D215F7416}.Release|Any CPU.ActiveCfg = Release|Any CPU
		{8DB8B8E3-E168-4005-9FB3-3B7D215F7416}.Release|Any CPU.Build.0 = Release|Any CPU
		{8DB8B8E3-E168-4005-9FB3-3B7D215F7416}.Release|x64.ActiveCfg = Release|Any CPU
		{8DB8B8E3-E168-4005-9FB3-3B7D215F7416}.Release|x64.Build.0 = Release|Any CPU
		{8DB8B8E3-E168-4005-9FB3-3B7D215F7416}.Release|x86.ActiveCfg = Release|Any CPU
		{8DB8B8E3-E168-4005-9FB3-3B7D215F7416}.Release|x86.Build.0 = Release|Any CPU
	EndGlobalSection
	GlobalSection(SolutionProperties) = preSolution
		HideSolutionNode = FALSE
	EndGlobalSection
	GlobalSection(ExtensibilityGlobals) = postSolution
		SolutionGuid = {813B98D0-04AE-4EFA-A762-E12C3BF279D1}
	EndGlobalSection
EndGlobal
